
Microsoft Visual Studio Solution File, Format Version 12.00
# Visual Studio Version 17
VisualStudioVersion = 17.0.31903.59
MinimumVisualStudioVersion = 10.0.40219.1
Project("{2150E333-8FDC-42A3-9474-1A3956D46DE8}") = "src", "src", "{1C4CE2B2-F473-4B6A-B537-91469B324B84}"
EndProject
Project("{FAE04EC0-301F-11D3-BF4B-00C04F79EFBC}") = "Domain", "src\Domain\Domain.csproj", "{DEFAD655-290C-46D5-AD48-73E658AD3959}"
EndProject
Project("{2150E333-8FDC-42A3-9474-1A3956D46DE8}") = "tests", "tests", "{D7FB93A4-125B-4FEA-BE32-6005B077CDB5}"
EndProject
Project("{FAE04EC0-301F-11D3-BF4B-00C04F79EFBC}") = "Domain.Tests", "tests\Domain.Tests\Domain.Tests.csproj", "{BCF67039-C135-4ECD-B355-3B4CFD18108C}"
EndProject
Global
	GlobalSection(SolutionConfigurationPlatforms) = preSolution
		Debug|Any CPU = Debug|Any CPU
		Release|Any CPU = Release|Any CPU
	EndGlobalSection
	GlobalSection(SolutionProperties) = preSolution
		HideSolutionNode = FALSE
	EndGlobalSection
	GlobalSection(ProjectConfigurationPlatforms) = postSolution
		{DEFAD655-290C-46D5-AD48-73E658AD3959}.Debug|Any CPU.ActiveCfg = Debug|Any CPU
		{DEFAD655-290C-46D5-AD48-73E658AD3959}.Debug|Any CPU.Build.0 = Debug|Any CPU
		{DEFAD655-290C-46D5-AD48-73E658AD3959}.Release|Any CPU.ActiveCfg = Release|Any CPU
		{DEFAD655-290C-46D5-AD48-73E658AD3959}.Release|Any CPU.Build.0 = Release|Any CPU
		{BCF67039-C135-4ECD-B355-3B4CFD18108C}.Debug|Any CPU.ActiveCfg = Debug|Any CPU
		{BCF67039-C135-4ECD-B355-3B4CFD18108C}.Debug|Any CPU.Build.0 = Debug|Any CPU
		{BCF67039-C135-4ECD-B355-3B4CFD18108C}.Release|Any CPU.ActiveCfg = Release|Any CPU
		{BCF67039-C135-4ECD-B355-3B4CFD18108C}.Release|Any CPU.Build.0 = Release|Any CPU
	EndGlobalSection
	GlobalSection(NestedProjects) = preSolution
		{DEFAD655-290C-46D5-AD48-73E658AD3959} = {1C4CE2B2-F473-4B6A-B537-91469B324B84}
		{BCF67039-C135-4ECD-B355-3B4CFD18108C} = {D7FB93A4-125B-4FEA-BE32-6005B077CDB5}
	EndGlobalSection
EndGlobal
